// !$*UTF8*$!
{
	archiveVersion = 1;
	classes = {
	};
	objectVersion = 46;
	objects = {

/* Begin PBXBuildFile section */
		BF0A0F5E1CB3573100B9D403 /* DateTestViewController.m in Sources */ = {isa = PBXBuildFile; fileRef = BF0A0F5D1CB3573100B9D403 /* DateTestViewController.m */; };
		BF0A0F641CB361E900B9D403 /* DateSelectView.m in Sources */ = {isa = PBXBuildFile; fileRef = BF0A0F631CB361E900B9D403 /* DateSelectView.m */; };
		BF0A0F661CB362A500B9D403 /* DateSelectView.xib in Resources */ = {isa = PBXBuildFile; fileRef = BF0A0F651CB362A500B9D403 /* DateSelectView.xib */; };
		BF0A0F691CB36F4800B9D403 /* nextDate_off.png in Resources */ = {isa = PBXBuildFile; fileRef = BF0A0F671CB36F4800B9D403 /* nextDate_off.png */; };
		BF0A0F6A1CB36F4800B9D403 /* preDate_off.png in Resources */ = {isa = PBXBuildFile; fileRef = BF0A0F681CB36F4800B9D403 /* preDate_off.png */; };
		BF0A0F6E1CB3700200B9D403 /* calendar.png in Resources */ = {isa = PBXBuildFile; fileRef = BF0A0F6B1CB3700200B9D403 /* calendar.png */; };
		BF0A0F6F1CB3700200B9D403 /* calendar@2x.png in Resources */ = {isa = PBXBuildFile; fileRef = BF0A0F6C1CB3700200B9D403 /* calendar@2x.png */; };
		BF0A0F701CB3700200B9D403 /* calendar@3x.png in Resources */ = {isa = PBXBuildFile; fileRef = BF0A0F6D1CB3700200B9D403 /* calendar@3x.png */; };
		BF0A0F901CB3B49D00B9D403 /* NSDate+Utilities.m in Sources */ = {isa = PBXBuildFile; fileRef = BF0A0F8F1CB3B49D00B9D403 /* NSDate+Utilities.m */; };
		BF0A0F931CB3BBDA00B9D403 /* GGDatePicker.m in Sources */ = {isa = PBXBuildFile; fileRef = BF0A0F921CB3BBDA00B9D403 /* GGDatePicker.m */; };
		BF0A0F951CB3BBF600B9D403 /* GGDatePicker.xib in Resources */ = {isa = PBXBuildFile; fileRef = BF0A0F941CB3BBF600B9D403 /* GGDatePicker.xib */; };
		BF104B541CD1E9E400BAEDF5 /* AbstractActionSheetPicker.m in Sources */ = {isa = PBXBuildFile; fileRef = BF104B431CD1E9E400BAEDF5 /* AbstractActionSheetPicker.m */; };
		BF104B551CD1E9E400BAEDF5 /* ActionSheetCustomPicker.m in Sources */ = {isa = PBXBuildFile; fileRef = BF104B451CD1E9E400BAEDF5 /* ActionSheetCustomPicker.m */; };
		BF104B561CD1E9E400BAEDF5 /* ActionSheetDatePicker.m in Sources */ = {isa = PBXBuildFile; fileRef = BF104B481CD1E9E400BAEDF5 /* ActionSheetDatePicker.m */; };
		BF104B571CD1E9E400BAEDF5 /* ActionSheetDistancePicker.m in Sources */ = {isa = PBXBuildFile; fileRef = BF104B4A1CD1E9E400BAEDF5 /* ActionSheetDistancePicker.m */; };
		BF104B581CD1E9E400BAEDF5 /* ActionSheetLocalePicker.m in Sources */ = {isa = PBXBuildFile; fileRef = BF104B4C1CD1E9E400BAEDF5 /* ActionSheetLocalePicker.m */; };
		BF104B591CD1E9E400BAEDF5 /* ActionSheetStringPicker.m in Sources */ = {isa = PBXBuildFile; fileRef = BF104B4F1CD1E9E400BAEDF5 /* ActionSheetStringPicker.m */; };
		BF104B5A1CD1E9E400BAEDF5 /* DistancePickerView.m in Sources */ = {isa = PBXBuildFile; fileRef = BF104B511CD1E9E400BAEDF5 /* DistancePickerView.m */; };
		BF104B5B1CD1E9E400BAEDF5 /* SWActionSheet.m in Sources */ = {isa = PBXBuildFile; fileRef = BF104B531CD1E9E400BAEDF5 /* SWActionSheet.m */; };
		BF104B5E1CD1F0E900BAEDF5 /* LeaderCell.m in Sources */ = {isa = PBXBuildFile; fileRef = BF104B5D1CD1F0E900BAEDF5 /* LeaderCell.m */; };
		BF104B601CD1F10500BAEDF5 /* LeaderCell.xib in Resources */ = {isa = PBXBuildFile; fileRef = BF104B5F1CD1F10500BAEDF5 /* LeaderCell.xib */; };
		BF122BC61CCF5A2900A614D5 /* GGBlockColumnView.m in Sources */ = {isa = PBXBuildFile; fileRef = BF122BC51CCF5A2900A614D5 /* GGBlockColumnView.m */; };
		BF122BC91CCF5F1600A614D5 /* BlockColumnModel.m in Sources */ = {isa = PBXBuildFile; fileRef = BF122BC81CCF5F1600A614D5 /* BlockColumnModel.m */; };
		BF3C62D51C5CD2A000B25252 /* main.m in Sources */ = {isa = PBXBuildFile; fileRef = BF3C62D41C5CD2A000B25252 /* main.m */; };
		BF3C62DE1C5CD2A000B25252 /* Main.storyboard in Resources */ = {isa = PBXBuildFile; fileRef = BF3C62DC1C5CD2A000B25252 /* Main.storyboard */; };
		BF3C62E01C5CD2A000B25252 /* Assets.xcassets in Resources */ = {isa = PBXBuildFile; fileRef = BF3C62DF1C5CD2A000B25252 /* Assets.xcassets */; };
		BF3C62E31C5CD2A000B25252 /* LaunchScreen.storyboard in Resources */ = {isa = PBXBuildFile; fileRef = BF3C62E11C5CD2A000B25252 /* LaunchScreen.storyboard */; };
		BF3C62EE1C5CD2A000B25252 /* zewatchTests.m in Sources */ = {isa = PBXBuildFile; fileRef = BF3C62ED1C5CD2A000B25252 /* zewatchTests.m */; };
		BF3C62F91C5CD2A000B25252 /* zewatchUITests.m in Sources */ = {isa = PBXBuildFile; fileRef = BF3C62F81C5CD2A000B25252 /* zewatchUITests.m */; };
		BF3C630A1C5CDA9800B25252 /* ActivityViewController.m in Sources */ = {isa = PBXBuildFile; fileRef = BF3C63091C5CDA9800B25252 /* ActivityViewController.m */; };
		BF3C6D501CD2ECD900D26D58 /* SleepViewController.m in Sources */ = {isa = PBXBuildFile; fileRef = BF3C6D4F1CD2ECD900D26D58 /* SleepViewController.m */; };
		BF43454A1CBE1C120077EA0B /* QuartzCore.framework in Frameworks */ = {isa = PBXBuildFile; fileRef = BF4345491CBE1C120077EA0B /* QuartzCore.framework */; };
		BF5AD1541CBB8C2900DF69DF /* GGBaseViewController.m in Sources */ = {isa = PBXBuildFile; fileRef = BF5AD1531CBB8C2900DF69DF /* GGBaseViewController.m */; };
		BF5AD1571CBB989500DF69DF /* GGColumnView.m in Sources */ = {isa = PBXBuildFile; fileRef = BF5AD1561CBB989500DF69DF /* GGColumnView.m */; };
		BF674C6D1CD99651000D9245 /* GGBezierView.m in Sources */ = {isa = PBXBuildFile; fileRef = BF674C6C1CD99650000D9245 /* GGBezierView.m */; };
		BF674C701CD9E457000D9245 /* GGSleepTypeView.m in Sources */ = {isa = PBXBuildFile; fileRef = BF674C6F1CD9E457000D9245 /* GGSleepTypeView.m */; };
		BF674C721CD9E495000D9245 /* GGSleepTypeView.xib in Resources */ = {isa = PBXBuildFile; fileRef = BF674C711CD9E495000D9245 /* GGSleepTypeView.xib */; };
		BF674C751CD9FEE3000D9245 /* GGSleepTypePanelView.m in Sources */ = {isa = PBXBuildFile; fileRef = BF674C741CD9FEE3000D9245 /* GGSleepTypePanelView.m */; };
		BF6D5CDB1C60733F00AF22BA /* GoalSettingTableViewController.m in Sources */ = {isa = PBXBuildFile; fileRef = BF6D5CDA1C60733F00AF22BA /* GoalSettingTableViewController.m */; };
		BF790FC01C5CE2B400377742 /* ZeWatchAppDelegate.m in Sources */ = {isa = PBXBuildFile; fileRef = BF790FBF1C5CE2B400377742 /* ZeWatchAppDelegate.m */; };
		BF790FC41C5CE97500377742 /* activity_bg.png in Resources */ = {isa = PBXBuildFile; fileRef = BF790FC31C5CE97500377742 /* activity_bg.png */; };
		BF86100B1CBF4A100060E897 /* ProcessStateView.m in Sources */ = {isa = PBXBuildFile; fileRef = BF86100A1CBF4A100060E897 /* ProcessStateView.m */; };
		BF86100F1CBF7BDB0060E897 /* SportViewController.m in Sources */ = {isa = PBXBuildFile; fileRef = BF86100E1CBF7BDB0060E897 /* SportViewController.m */; };
		BFBA84051CC0B8E500FE823D /* Icon.png in Resources */ = {isa = PBXBuildFile; fileRef = BFBA84031CC0B8E500FE823D /* Icon.png */; };
		BFBA84061CC0B8E500FE823D /* Icon@2x.png in Resources */ = {isa = PBXBuildFile; fileRef = BFBA84041CC0B8E500FE823D /* Icon@2x.png */; };
		BFC210121CDADD33006A0C88 /* GGSleepTypeModel.m in Sources */ = {isa = PBXBuildFile; fileRef = BFC210111CDADD33006A0C88 /* GGSleepTypeModel.m */; };
		BFC210151CDAE44C006A0C88 /* GGCirclePanelView.m in Sources */ = {isa = PBXBuildFile; fileRef = BFC210141CDAE44C006A0C88 /* GGCirclePanelView.m */; };
		BFE7C2EC1C6078E9008A5719 /* icon_logo.png in Resources */ = {isa = PBXBuildFile; fileRef = BFE7C2EB1C6078E9008A5719 /* icon_logo.png */; };
		BFE7C2F11C608B6E008A5719 /* ActivityTableViewCell.m in Sources */ = {isa = PBXBuildFile; fileRef = BFE7C2EF1C608B6E008A5719 /* ActivityTableViewCell.m */; };
		BFE7C2F21C608B6E008A5719 /* ActivityTableViewCell.xib in Resources */ = {isa = PBXBuildFile; fileRef = BFE7C2F01C608B6E008A5719 /* ActivityTableViewCell.xib */; };
		BFE7C2F61C6096A8008A5719 /* ActivityModel.m in Sources */ = {isa = PBXBuildFile; fileRef = BFE7C2F51C6096A8008A5719 /* ActivityModel.m */; };
		BFFD91561CDAEC48000608EC /* AppsCircleProView.m in Sources */ = {isa = PBXBuildFile; fileRef = BFFD91551CDAEC48000608EC /* AppsCircleProView.m */; };
/* End PBXBuildFile section */

/* Begin PBXContainerItemProxy section */
		BF3C62EA1C5CD2A000B25252 /* PBXContainerItemProxy */ = {
			isa = PBXContainerItemProxy;
			containerPortal = BF3C62C81C5CD2A000B25252 /* Project object */;
			proxyType = 1;
			remoteGlobalIDString = BF3C62CF1C5CD2A000B25252;
			remoteInfo = zewatch;
		};
		BF3C62F51C5CD2A000B25252 /* PBXContainerItemProxy */ = {
			isa = PBXContainerItemProxy;
			containerPortal = BF3C62C81C5CD2A000B25252 /* Project object */;
			proxyType = 1;
			remoteGlobalIDString = BF3C62CF1C5CD2A000B25252;
			remoteInfo = zewatch;
		};
/* End PBXContainerItemProxy section */

/* Begin PBXFileReference section */
		BF0A0F5C1CB3573100B9D403 /* DateTestViewController.h */ = {isa = PBXFileReference; fileEncoding = 4; lastKnownFileType = sourcecode.c.h; name = DateTestViewController.h; path = zewatch/controller/home/DateTestViewController.h; sourceTree = SOURCE_ROOT; };
		BF0A0F5D1CB3573100B9D403 /* DateTestViewController.m */ = {isa = PBXFileReference; fileEncoding = 4; lastKnownFileType = sourcecode.c.objc; name = DateTestViewController.m; path = zewatch/controller/home/DateTestViewController.m; sourceTree = SOURCE_ROOT; };
		BF0A0F621CB361E900B9D403 /* DateSelectView.h */ = {isa = PBXFileReference; fileEncoding = 4; lastKnownFileType = sourcecode.c.h; path = DateSelectView.h; sourceTree = "<group>"; };
		BF0A0F631CB361E900B9D403 /* DateSelectView.m */ = {isa = PBXFileReference; fileEncoding = 4; lastKnownFileType = sourcecode.c.objc; path = DateSelectView.m; sourceTree = "<group>"; };
		BF0A0F651CB362A500B9D403 /* DateSelectView.xib */ = {isa = PBXFileReference; fileEncoding = 4; lastKnownFileType = file.xib; path = DateSelectView.xib; sourceTree = "<group>"; };
		BF0A0F671CB36F4800B9D403 /* nextDate_off.png */ = {isa = PBXFileReference; lastKnownFileType = image.png; path = nextDate_off.png; sourceTree = "<group>"; };
		BF0A0F681CB36F4800B9D403 /* preDate_off.png */ = {isa = PBXFileReference; lastKnownFileType = image.png; path = preDate_off.png; sourceTree = "<group>"; };
		BF0A0F6B1CB3700200B9D403 /* calendar.png */ = {isa = PBXFileReference; lastKnownFileType = image.png; path = calendar.png; sourceTree = "<group>"; };
		BF0A0F6C1CB3700200B9D403 /* calendar@2x.png */ = {isa = PBXFileReference; lastKnownFileType = image.png; path = "calendar@2x.png"; sourceTree = "<group>"; };
		BF0A0F6D1CB3700200B9D403 /* calendar@3x.png */ = {isa = PBXFileReference; lastKnownFileType = image.png; path = "calendar@3x.png"; sourceTree = "<group>"; };
		BF0A0F8E1CB3B49D00B9D403 /* NSDate+Utilities.h */ = {isa = PBXFileReference; fileEncoding = 4; lastKnownFileType = sourcecode.c.h; path = "NSDate+Utilities.h"; sourceTree = "<group>"; };
		BF0A0F8F1CB3B49D00B9D403 /* NSDate+Utilities.m */ = {isa = PBXFileReference; fileEncoding = 4; lastKnownFileType = sourcecode.c.objc; path = "NSDate+Utilities.m"; sourceTree = "<group>"; };
		BF0A0F911CB3BBDA00B9D403 /* GGDatePicker.h */ = {isa = PBXFileReference; fileEncoding = 4; lastKnownFileType = sourcecode.c.h; path = GGDatePicker.h; sourceTree = "<group>"; };
		BF0A0F921CB3BBDA00B9D403 /* GGDatePicker.m */ = {isa = PBXFileReference; fileEncoding = 4; lastKnownFileType = sourcecode.c.objc; path = GGDatePicker.m; sourceTree = "<group>"; };
		BF0A0F941CB3BBF600B9D403 /* GGDatePicker.xib */ = {isa = PBXFileReference; fileEncoding = 4; lastKnownFileType = file.xib; path = GGDatePicker.xib; sourceTree = "<group>"; };
		BF104B421CD1E9E400BAEDF5 /* AbstractActionSheetPicker.h */ = {isa = PBXFileReference; fileEncoding = 4; lastKnownFileType = sourcecode.c.h; path = AbstractActionSheetPicker.h; sourceTree = "<group>"; };
		BF104B431CD1E9E400BAEDF5 /* AbstractActionSheetPicker.m */ = {isa = PBXFileReference; fileEncoding = 4; lastKnownFileType = sourcecode.c.objc; path = AbstractActionSheetPicker.m; sourceTree = "<group>"; };
		BF104B441CD1E9E400BAEDF5 /* ActionSheetCustomPicker.h */ = {isa = PBXFileReference; fileEncoding = 4; lastKnownFileType = sourcecode.c.h; path = ActionSheetCustomPicker.h; sourceTree = "<group>"; };
		BF104B451CD1E9E400BAEDF5 /* ActionSheetCustomPicker.m */ = {isa = PBXFileReference; fileEncoding = 4; lastKnownFileType = sourcecode.c.objc; path = ActionSheetCustomPicker.m; sourceTree = "<group>"; };
		BF104B461CD1E9E400BAEDF5 /* ActionSheetCustomPickerDelegate.h */ = {isa = PBXFileReference; fileEncoding = 4; lastKnownFileType = sourcecode.c.h; path = ActionSheetCustomPickerDelegate.h; sourceTree = "<group>"; };
		BF104B471CD1E9E400BAEDF5 /* ActionSheetDatePicker.h */ = {isa = PBXFileReference; fileEncoding = 4; lastKnownFileType = sourcecode.c.h; path = ActionSheetDatePicker.h; sourceTree = "<group>"; };
		BF104B481CD1E9E400BAEDF5 /* ActionSheetDatePicker.m */ = {isa = PBXFileReference; fileEncoding = 4; lastKnownFileType = sourcecode.c.objc; path = ActionSheetDatePicker.m; sourceTree = "<group>"; };
		BF104B491CD1E9E400BAEDF5 /* ActionSheetDistancePicker.h */ = {isa = PBXFileReference; fileEncoding = 4; lastKnownFileType = sourcecode.c.h; path = ActionSheetDistancePicker.h; sourceTree = "<group>"; };
		BF104B4A1CD1E9E400BAEDF5 /* ActionSheetDistancePicker.m */ = {isa = PBXFileReference; fileEncoding = 4; lastKnownFileType = sourcecode.c.objc; path = ActionSheetDistancePicker.m; sourceTree = "<group>"; };
		BF104B4B1CD1E9E400BAEDF5 /* ActionSheetLocalePicker.h */ = {isa = PBXFileReference; fileEncoding = 4; lastKnownFileType = sourcecode.c.h; path = ActionSheetLocalePicker.h; sourceTree = "<group>"; };
		BF104B4C1CD1E9E400BAEDF5 /* ActionSheetLocalePicker.m */ = {isa = PBXFileReference; fileEncoding = 4; lastKnownFileType = sourcecode.c.objc; path = ActionSheetLocalePicker.m; sourceTree = "<group>"; };
		BF104B4D1CD1E9E400BAEDF5 /* ActionSheetPicker.h */ = {isa = PBXFileReference; fileEncoding = 4; lastKnownFileType = sourcecode.c.h; path = ActionSheetPicker.h; sourceTree = "<group>"; };
		BF104B4E1CD1E9E400BAEDF5 /* ActionSheetStringPicker.h */ = {isa = PBXFileReference; fileEncoding = 4; lastKnownFileType = sourcecode.c.h; path = ActionSheetStringPicker.h; sourceTree = "<group>"; };
		BF104B4F1CD1E9E400BAEDF5 /* ActionSheetStringPicker.m */ = {isa = PBXFileReference; fileEncoding = 4; lastKnownFileType = sourcecode.c.objc; path = ActionSheetStringPicker.m; sourceTree = "<group>"; };
		BF104B501CD1E9E400BAEDF5 /* DistancePickerView.h */ = {isa = PBXFileReference; fileEncoding = 4; lastKnownFileType = sourcecode.c.h; path = DistancePickerView.h; sourceTree = "<group>"; };
		BF104B511CD1E9E400BAEDF5 /* DistancePickerView.m */ = {isa = PBXFileReference; fileEncoding = 4; lastKnownFileType = sourcecode.c.objc; path = DistancePickerView.m; sourceTree = "<group>"; };
		BF104B521CD1E9E400BAEDF5 /* SWActionSheet.h */ = {isa = PBXFileReference; fileEncoding = 4; lastKnownFileType = sourcecode.c.h; path = SWActionSheet.h; sourceTree = "<group>"; };
		BF104B531CD1E9E400BAEDF5 /* SWActionSheet.m */ = {isa = PBXFileReference; fileEncoding = 4; lastKnownFileType = sourcecode.c.objc; path = SWActionSheet.m; sourceTree = "<group>"; };
		BF104B5C1CD1F0E900BAEDF5 /* LeaderCell.h */ = {isa = PBXFileReference; fileEncoding = 4; lastKnownFileType = sourcecode.c.h; path = LeaderCell.h; sourceTree = "<group>"; };
		BF104B5D1CD1F0E900BAEDF5 /* LeaderCell.m */ = {isa = PBXFileReference; fileEncoding = 4; lastKnownFileType = sourcecode.c.objc; path = LeaderCell.m; sourceTree = "<group>"; };
		BF104B5F1CD1F10500BAEDF5 /* LeaderCell.xib */ = {isa = PBXFileReference; fileEncoding = 4; lastKnownFileType = file.xib; path = LeaderCell.xib; sourceTree = "<group>"; };
		BF122BC41CCF5A2900A614D5 /* GGBlockColumnView.h */ = {isa = PBXFileReference; fileEncoding = 4; lastKnownFileType = sourcecode.c.h; path = GGBlockColumnView.h; sourceTree = "<group>"; };
		BF122BC51CCF5A2900A614D5 /* GGBlockColumnView.m */ = {isa = PBXFileReference; fileEncoding = 4; lastKnownFileType = sourcecode.c.objc; path = GGBlockColumnView.m; sourceTree = "<group>"; };
		BF122BC71CCF5F1600A614D5 /* BlockColumnModel.h */ = {isa = PBXFileReference; fileEncoding = 4; lastKnownFileType = sourcecode.c.h; path = BlockColumnModel.h; sourceTree = "<group>"; };
		BF122BC81CCF5F1600A614D5 /* BlockColumnModel.m */ = {isa = PBXFileReference; fileEncoding = 4; lastKnownFileType = sourcecode.c.objc; path = BlockColumnModel.m; sourceTree = "<group>"; };
		BF3C62D01C5CD2A000B25252 /* zewatch.app */ = {isa = PBXFileReference; explicitFileType = wrapper.application; includeInIndex = 0; path = zewatch.app; sourceTree = BUILT_PRODUCTS_DIR; };
		BF3C62D41C5CD2A000B25252 /* main.m */ = {isa = PBXFileReference; lastKnownFileType = sourcecode.c.objc; path = main.m; sourceTree = "<group>"; };
		BF3C62DD1C5CD2A000B25252 /* Base */ = {isa = PBXFileReference; lastKnownFileType = file.storyboard; name = Base; path = Base.lproj/Main.storyboard; sourceTree = "<group>"; };
		BF3C62DF1C5CD2A000B25252 /* Assets.xcassets */ = {isa = PBXFileReference; lastKnownFileType = folder.assetcatalog; path = Assets.xcassets; sourceTree = "<group>"; };
		BF3C62E21C5CD2A000B25252 /* Base */ = {isa = PBXFileReference; lastKnownFileType = file.storyboard; name = Base; path = Base.lproj/LaunchScreen.storyboard; sourceTree = "<group>"; };
		BF3C62E41C5CD2A000B25252 /* Info.plist */ = {isa = PBXFileReference; lastKnownFileType = text.plist.xml; path = Info.plist; sourceTree = "<group>"; };
		BF3C62E91C5CD2A000B25252 /* zewatchTests.xctest */ = {isa = PBXFileReference; explicitFileType = wrapper.cfbundle; includeInIndex = 0; path = zewatchTests.xctest; sourceTree = BUILT_PRODUCTS_DIR; };
		BF3C62ED1C5CD2A000B25252 /* zewatchTests.m */ = {isa = PBXFileReference; lastKnownFileType = sourcecode.c.objc; path = zewatchTests.m; sourceTree = "<group>"; };
		BF3C62EF1C5CD2A000B25252 /* Info.plist */ = {isa = PBXFileReference; lastKnownFileType = text.plist.xml; path = Info.plist; sourceTree = "<group>"; };
		BF3C62F41C5CD2A000B25252 /* zewatchUITests.xctest */ = {isa = PBXFileReference; explicitFileType = wrapper.cfbundle; includeInIndex = 0; path = zewatchUITests.xctest; sourceTree = BUILT_PRODUCTS_DIR; };
		BF3C62F81C5CD2A000B25252 /* zewatchUITests.m */ = {isa = PBXFileReference; lastKnownFileType = sourcecode.c.objc; path = zewatchUITests.m; sourceTree = "<group>"; };
		BF3C62FA1C5CD2A000B25252 /* Info.plist */ = {isa = PBXFileReference; lastKnownFileType = text.plist.xml; path = Info.plist; sourceTree = "<group>"; };
		BF3C63081C5CDA9800B25252 /* ActivityViewController.h */ = {isa = PBXFileReference; fileEncoding = 4; lastKnownFileType = sourcecode.c.h; name = ActivityViewController.h; path = zewatch/controller/home/ActivityViewController.h; sourceTree = SOURCE_ROOT; };
		BF3C63091C5CDA9800B25252 /* ActivityViewController.m */ = {isa = PBXFileReference; fileEncoding = 4; lastKnownFileType = sourcecode.c.objc; name = ActivityViewController.m; path = zewatch/controller/home/ActivityViewController.m; sourceTree = SOURCE_ROOT; };
		BF3C6D4E1CD2ECD900D26D58 /* SleepViewController.h */ = {isa = PBXFileReference; fileEncoding = 4; lastKnownFileType = sourcecode.c.h; path = SleepViewController.h; sourceTree = "<group>"; };
		BF3C6D4F1CD2ECD900D26D58 /* SleepViewController.m */ = {isa = PBXFileReference; fileEncoding = 4; lastKnownFileType = sourcecode.c.objc; path = SleepViewController.m; sourceTree = "<group>"; };
		BF4345491CBE1C120077EA0B /* QuartzCore.framework */ = {isa = PBXFileReference; lastKnownFileType = wrapper.framework; name = QuartzCore.framework; path = System/Library/Frameworks/QuartzCore.framework; sourceTree = SDKROOT; };
		BF5AD1521CBB8C2900DF69DF /* GGBaseViewController.h */ = {isa = PBXFileReference; fileEncoding = 4; lastKnownFileType = sourcecode.c.h; path = GGBaseViewController.h; sourceTree = "<group>"; };
		BF5AD1531CBB8C2900DF69DF /* GGBaseViewController.m */ = {isa = PBXFileReference; fileEncoding = 4; lastKnownFileType = sourcecode.c.objc; path = GGBaseViewController.m; sourceTree = "<group>"; };
		BF5AD1551CBB989500DF69DF /* GGColumnView.h */ = {isa = PBXFileReference; fileEncoding = 4; lastKnownFileType = sourcecode.c.h; path = GGColumnView.h; sourceTree = "<group>"; };
		BF5AD1561CBB989500DF69DF /* GGColumnView.m */ = {isa = PBXFileReference; fileEncoding = 4; lastKnownFileType = sourcecode.c.objc; path = GGColumnView.m; sourceTree = "<group>"; };
		BF674C6B1CD99650000D9245 /* GGBezierView.h */ = {isa = PBXFileReference; fileEncoding = 4; lastKnownFileType = sourcecode.c.h; path = GGBezierView.h; sourceTree = "<group>"; };
		BF674C6C1CD99650000D9245 /* GGBezierView.m */ = {isa = PBXFileReference; fileEncoding = 4; lastKnownFileType = sourcecode.c.objc; path = GGBezierView.m; sourceTree = "<group>"; };
		BF674C6E1CD9E457000D9245 /* GGSleepTypeView.h */ = {isa = PBXFileReference; fileEncoding = 4; lastKnownFileType = sourcecode.c.h; path = GGSleepTypeView.h; sourceTree = "<group>"; };
		BF674C6F1CD9E457000D9245 /* GGSleepTypeView.m */ = {isa = PBXFileReference; fileEncoding = 4; lastKnownFileType = sourcecode.c.objc; path = GGSleepTypeView.m; sourceTree = "<group>"; };
		BF674C711CD9E495000D9245 /* GGSleepTypeView.xib */ = {isa = PBXFileReference; fileEncoding = 4; lastKnownFileType = file.xib; path = GGSleepTypeView.xib; sourceTree = "<group>"; };
		BF674C731CD9FEE3000D9245 /* GGSleepTypePanelView.h */ = {isa = PBXFileReference; fileEncoding = 4; lastKnownFileType = sourcecode.c.h; path = GGSleepTypePanelView.h; sourceTree = "<group>"; };
		BF674C741CD9FEE3000D9245 /* GGSleepTypePanelView.m */ = {isa = PBXFileReference; fileEncoding = 4; lastKnownFileType = sourcecode.c.objc; path = GGSleepTypePanelView.m; sourceTree = "<group>"; };
		BF6D5CD91C60733F00AF22BA /* GoalSettingTableViewController.h */ = {isa = PBXFileReference; fileEncoding = 4; lastKnownFileType = sourcecode.c.h; name = GoalSettingTableViewController.h; path = ../../../../../../../apple/Desktop/mykronoz/zewatch/zewatch/controller/home/GoalSettingTableViewController.h; sourceTree = "<group>"; };
		BF6D5CDA1C60733F00AF22BA /* GoalSettingTableViewController.m */ = {isa = PBXFileReference; fileEncoding = 4; lastKnownFileType = sourcecode.c.objc; name = GoalSettingTableViewController.m; path = ../../../../../../../apple/Desktop/mykronoz/zewatch/zewatch/controller/home/GoalSettingTableViewController.m; sourceTree = "<group>"; };
		BF790FBD1C5CDE0600377742 /* zewatch-Prefix.pch */ = {isa = PBXFileReference; lastKnownFileType = sourcecode.c.h; path = "zewatch-Prefix.pch"; sourceTree = "<group>"; };
		BF790FBE1C5CE2B400377742 /* ZeWatchAppDelegate.h */ = {isa = PBXFileReference; fileEncoding = 4; lastKnownFileType = sourcecode.c.h; path = ZeWatchAppDelegate.h; sourceTree = "<group>"; };
		BF790FBF1C5CE2B400377742 /* ZeWatchAppDelegate.m */ = {isa = PBXFileReference; fileEncoding = 4; lastKnownFileType = sourcecode.c.objc; path = ZeWatchAppDelegate.m; sourceTree = "<group>"; };
		BF790FC31C5CE97500377742 /* activity_bg.png */ = {isa = PBXFileReference; lastKnownFileType = image.png; path = activity_bg.png; sourceTree = "<group>"; };
		BF8610091CBF4A100060E897 /* ProcessStateView.h */ = {isa = PBXFileReference; fileEncoding = 4; lastKnownFileType = sourcecode.c.h; path = ProcessStateView.h; sourceTree = "<group>"; };
		BF86100A1CBF4A100060E897 /* ProcessStateView.m */ = {isa = PBXFileReference; fileEncoding = 4; lastKnownFileType = sourcecode.c.objc; path = ProcessStateView.m; sourceTree = "<group>"; };
		BF86100D1CBF7BDB0060E897 /* SportViewController.h */ = {isa = PBXFileReference; fileEncoding = 4; lastKnownFileType = sourcecode.c.h; path = SportViewController.h; sourceTree = "<group>"; };
		BF86100E1CBF7BDB0060E897 /* SportViewController.m */ = {isa = PBXFileReference; fileEncoding = 4; lastKnownFileType = sourcecode.c.objc; path = SportViewController.m; sourceTree = "<group>"; };
		BFBA84031CC0B8E500FE823D /* Icon.png */ = {isa = PBXFileReference; lastKnownFileType = image.png; path = Icon.png; sourceTree = "<group>"; };
		BFBA84041CC0B8E500FE823D /* Icon@2x.png */ = {isa = PBXFileReference; lastKnownFileType = image.png; path = "Icon@2x.png"; sourceTree = "<group>"; };
		BFC210101CDADD33006A0C88 /* GGSleepTypeModel.h */ = {isa = PBXFileReference; fileEncoding = 4; lastKnownFileType = sourcecode.c.h; path = GGSleepTypeModel.h; sourceTree = "<group>"; };
		BFC210111CDADD33006A0C88 /* GGSleepTypeModel.m */ = {isa = PBXFileReference; fileEncoding = 4; lastKnownFileType = sourcecode.c.objc; path = GGSleepTypeModel.m; sourceTree = "<group>"; };
		BFC210131CDAE44C006A0C88 /* GGCirclePanelView.h */ = {isa = PBXFileReference; fileEncoding = 4; lastKnownFileType = sourcecode.c.h; path = GGCirclePanelView.h; sourceTree = "<group>"; };
		BFC210141CDAE44C006A0C88 /* GGCirclePanelView.m */ = {isa = PBXFileReference; fileEncoding = 4; lastKnownFileType = sourcecode.c.objc; path = GGCirclePanelView.m; sourceTree = "<group>"; };
		BFE7C2EB1C6078E9008A5719 /* icon_logo.png */ = {isa = PBXFileReference; lastKnownFileType = image.png; path = icon_logo.png; sourceTree = "<group>"; };
		BFE7C2EE1C608B6E008A5719 /* ActivityTableViewCell.h */ = {isa = PBXFileReference; fileEncoding = 4; lastKnownFileType = sourcecode.c.h; name = ActivityTableViewCell.h; path = ../../../../../../apple/Desktop/mykronoz/zewatch/zewatch/CustomView/ActivityTableViewCell.h; sourceTree = "<group>"; };
		BFE7C2EF1C608B6E008A5719 /* ActivityTableViewCell.m */ = {isa = PBXFileReference; fileEncoding = 4; lastKnownFileType = sourcecode.c.objc; name = ActivityTableViewCell.m; path = ../../../../../../apple/Desktop/mykronoz/zewatch/zewatch/CustomView/ActivityTableViewCell.m; sourceTree = "<group>"; };
		BFE7C2F01C608B6E008A5719 /* ActivityTableViewCell.xib */ = {isa = PBXFileReference; fileEncoding = 4; lastKnownFileType = file.xib; name = ActivityTableViewCell.xib; path = ../../../../../../apple/Desktop/mykronoz/zewatch/zewatch/CustomView/ActivityTableViewCell.xib; sourceTree = "<group>"; };
		BFE7C2F41C6096A8008A5719 /* ActivityModel.h */ = {isa = PBXFileReference; fileEncoding = 4; lastKnownFileType = sourcecode.c.h; name = ActivityModel.h; path = ../../../../../../apple/Desktop/mykronoz/zewatch/zewatch/CustomModel/ActivityModel.h; sourceTree = "<group>"; };
		BFE7C2F51C6096A8008A5719 /* ActivityModel.m */ = {isa = PBXFileReference; fileEncoding = 4; lastKnownFileType = sourcecode.c.objc; name = ActivityModel.m; path = ../../../../../../apple/Desktop/mykronoz/zewatch/zewatch/CustomModel/ActivityModel.m; sourceTree = "<group>"; };
		BFFD91541CDAEC48000608EC /* AppsCircleProView.h */ = {isa = PBXFileReference; fileEncoding = 4; lastKnownFileType = sourcecode.c.h; path = AppsCircleProView.h; sourceTree = "<group>"; };
		BFFD91551CDAEC48000608EC /* AppsCircleProView.m */ = {isa = PBXFileReference; fileEncoding = 4; lastKnownFileType = sourcecode.c.objc; path = AppsCircleProView.m; sourceTree = "<group>"; };
/* End PBXFileReference section */

/* Begin PBXFrameworksBuildPhase section */
		BF3C62CD1C5CD2A000B25252 /* Frameworks */ = {
			isa = PBXFrameworksBuildPhase;
			buildActionMask = 2147483647;
			files = (
				BF43454A1CBE1C120077EA0B /* QuartzCore.framework in Frameworks */,
			);
			runOnlyForDeploymentPostprocessing = 0;
		};
		BF3C62E61C5CD2A000B25252 /* Frameworks */ = {
			isa = PBXFrameworksBuildPhase;
			buildActionMask = 2147483647;
			files = (
			);
			runOnlyForDeploymentPostprocessing = 0;
		};
		BF3C62F11C5CD2A000B25252 /* Frameworks */ = {
			isa = PBXFrameworksBuildPhase;
			buildActionMask = 2147483647;
			files = (
			);
			runOnlyForDeploymentPostprocessing = 0;
		};
/* End PBXFrameworksBuildPhase section */

/* Begin PBXGroup section */
		BF0A0F8D1CB3B49D00B9D403 /* Category */ = {
			isa = PBXGroup;
			children = (
				BF0A0F8E1CB3B49D00B9D403 /* NSDate+Utilities.h */,
				BF0A0F8F1CB3B49D00B9D403 /* NSDate+Utilities.m */,
			);
			path = Category;
			sourceTree = "<group>";
		};
		BF104B401CD1E9E400BAEDF5 /* Third */ = {
			isa = PBXGroup;
			children = (
				BF104B411CD1E9E400BAEDF5 /* ActionSheetPicker */,
			);
			path = Third;
			sourceTree = "<group>";
		};
		BF104B411CD1E9E400BAEDF5 /* ActionSheetPicker */ = {
			isa = PBXGroup;
			children = (
				BF104B421CD1E9E400BAEDF5 /* AbstractActionSheetPicker.h */,
				BF104B431CD1E9E400BAEDF5 /* AbstractActionSheetPicker.m */,
				BF104B441CD1E9E400BAEDF5 /* ActionSheetCustomPicker.h */,
				BF104B451CD1E9E400BAEDF5 /* ActionSheetCustomPicker.m */,
				BF104B461CD1E9E400BAEDF5 /* ActionSheetCustomPickerDelegate.h */,
				BF104B471CD1E9E400BAEDF5 /* ActionSheetDatePicker.h */,
				BF104B481CD1E9E400BAEDF5 /* ActionSheetDatePicker.m */,
				BF104B491CD1E9E400BAEDF5 /* ActionSheetDistancePicker.h */,
				BF104B4A1CD1E9E400BAEDF5 /* ActionSheetDistancePicker.m */,
				BF104B4B1CD1E9E400BAEDF5 /* ActionSheetLocalePicker.h */,
				BF104B4C1CD1E9E400BAEDF5 /* ActionSheetLocalePicker.m */,
				BF104B4D1CD1E9E400BAEDF5 /* ActionSheetPicker.h */,
				BF104B4E1CD1E9E400BAEDF5 /* ActionSheetStringPicker.h */,
				BF104B4F1CD1E9E400BAEDF5 /* ActionSheetStringPicker.m */,
				BF104B501CD1E9E400BAEDF5 /* DistancePickerView.h */,
				BF104B511CD1E9E400BAEDF5 /* DistancePickerView.m */,
				BF104B521CD1E9E400BAEDF5 /* SWActionSheet.h */,
				BF104B531CD1E9E400BAEDF5 /* SWActionSheet.m */,
			);
			path = ActionSheetPicker;
			sourceTree = "<group>";
		};
		BF3C62C71C5CD2A000B25252 = {
			isa = PBXGroup;
			children = (
				BF4345491CBE1C120077EA0B /* QuartzCore.framework */,
				BF3C62D21C5CD2A000B25252 /* zewatch */,
				BF3C62EC1C5CD2A000B25252 /* zewatchTests */,
				BF3C62F71C5CD2A000B25252 /* zewatchUITests */,
				BF3C62D11C5CD2A000B25252 /* Products */,
			);
			sourceTree = "<group>";
		};
		BF3C62D11C5CD2A000B25252 /* Products */ = {
			isa = PBXGroup;
			children = (
				BF3C62D01C5CD2A000B25252 /* zewatch.app */,
				BF3C62E91C5CD2A000B25252 /* zewatchTests.xctest */,
				BF3C62F41C5CD2A000B25252 /* zewatchUITests.xctest */,
			);
			name = Products;
			sourceTree = "<group>";
		};
		BF3C62D21C5CD2A000B25252 /* zewatch */ = {
			isa = PBXGroup;
			children = (
				BF104B401CD1E9E400BAEDF5 /* Third */,
				BF0A0F8D1CB3B49D00B9D403 /* Category */,
				BFE7C2F31C609617008A5719 /* CustomModel */,
				BFE7C2ED1C60893A008A5719 /* CustomView */,
				BF3C63061C5CDA8900B25252 /* controller */,
				BF790FBE1C5CE2B400377742 /* ZeWatchAppDelegate.h */,
				BF790FBF1C5CE2B400377742 /* ZeWatchAppDelegate.m */,
				BF3C62DC1C5CD2A000B25252 /* Main.storyboard */,
				BF3C62DF1C5CD2A000B25252 /* Assets.xcassets */,
				BF3C62E11C5CD2A000B25252 /* LaunchScreen.storyboard */,
				BF3C62E41C5CD2A000B25252 /* Info.plist */,
				BF3C62D31C5CD2A000B25252 /* Supporting Files */,
			);
			path = zewatch;
			sourceTree = "<group>";
		};
		BF3C62D31C5CD2A000B25252 /* Supporting Files */ = {
			isa = PBXGroup;
			children = (
				BF790FC11C5CE97500377742 /* Resource */,
				BF790FBD1C5CDE0600377742 /* zewatch-Prefix.pch */,
				BF3C62D41C5CD2A000B25252 /* main.m */,
			);
			name = "Supporting Files";
			sourceTree = "<group>";
		};
		BF3C62EC1C5CD2A000B25252 /* zewatchTests */ = {
			isa = PBXGroup;
			children = (
				BF3C62ED1C5CD2A000B25252 /* zewatchTests.m */,
				BF3C62EF1C5CD2A000B25252 /* Info.plist */,
			);
			path = zewatchTests;
			sourceTree = "<group>";
		};
		BF3C62F71C5CD2A000B25252 /* zewatchUITests */ = {
			isa = PBXGroup;
			children = (
				BF3C62F81C5CD2A000B25252 /* zewatchUITests.m */,
				BF3C62FA1C5CD2A000B25252 /* Info.plist */,
			);
			path = zewatchUITests;
			sourceTree = "<group>";
		};
		BF3C63061C5CDA8900B25252 /* controller */ = {
			isa = PBXGroup;
			children = (
				BF5AD14E1CBB862400DF69DF /* base */,
				BF3C63071C5CDA8900B25252 /* home */,
			);
			name = controller;
			path = ../../../../../Apple/Desktop/mykronoz/zewatch/zewatch/controller;
			sourceTree = "<group>";
		};
		BF3C63071C5CDA8900B25252 /* home */ = {
			isa = PBXGroup;
			children = (
				BF86100C1CBF7BC20060E897 /* sport */,
				BF3C63081C5CDA9800B25252 /* ActivityViewController.h */,
				BF3C63091C5CDA9800B25252 /* ActivityViewController.m */,
				BF6D5CD91C60733F00AF22BA /* GoalSettingTableViewController.h */,
				BF6D5CDA1C60733F00AF22BA /* GoalSettingTableViewController.m */,
				BF0A0F5C1CB3573100B9D403 /* DateTestViewController.h */,
				BF0A0F5D1CB3573100B9D403 /* DateTestViewController.m */,
			);
			path = home;
			sourceTree = "<group>";
		};
		BF5AD14E1CBB862400DF69DF /* base */ = {
			isa = PBXGroup;
			children = (
				BF5AD1521CBB8C2900DF69DF /* GGBaseViewController.h */,
				BF5AD1531CBB8C2900DF69DF /* GGBaseViewController.m */,
			);
			name = base;
			path = zewatch/controller/base;
			sourceTree = SOURCE_ROOT;
		};
		BF790FC11C5CE97500377742 /* Resource */ = {
			isa = PBXGroup;
			children = (
				BF790FC21C5CE97500377742 /* ImageResource */,
			);
			path = Resource;
			sourceTree = "<group>";
		};
		BF790FC21C5CE97500377742 /* ImageResource */ = {
			isa = PBXGroup;
			children = (
				BFBA84031CC0B8E500FE823D /* Icon.png */,
				BFBA84041CC0B8E500FE823D /* Icon@2x.png */,
				BF0A0F6B1CB3700200B9D403 /* calendar.png */,
				BF0A0F6C1CB3700200B9D403 /* calendar@2x.png */,
				BF0A0F6D1CB3700200B9D403 /* calendar@3x.png */,
				BF0A0F671CB36F4800B9D403 /* nextDate_off.png */,
				BF0A0F681CB36F4800B9D403 /* preDate_off.png */,
				BF790FC31C5CE97500377742 /* activity_bg.png */,
				BFE7C2EB1C6078E9008A5719 /* icon_logo.png */,
			);
			path = ImageResource;
			sourceTree = "<group>";
		};
		BF86100C1CBF7BC20060E897 /* sport */ = {
			isa = PBXGroup;
			children = (
				BF86100D1CBF7BDB0060E897 /* SportViewController.h */,
				BF86100E1CBF7BDB0060E897 /* SportViewController.m */,
				BF3C6D4E1CD2ECD900D26D58 /* SleepViewController.h */,
				BF3C6D4F1CD2ECD900D26D58 /* SleepViewController.m */,
			);
			name = sport;
			path = zewatch/controller/home/sport;
			sourceTree = SOURCE_ROOT;
		};
		BFE7C2ED1C60893A008A5719 /* CustomView */ = {
			isa = PBXGroup;
			children = (
				BFFD91541CDAEC48000608EC /* AppsCircleProView.h */,
				BFFD91551CDAEC48000608EC /* AppsCircleProView.m */,
				BFC210131CDAE44C006A0C88 /* GGCirclePanelView.h */,
				BFC210141CDAE44C006A0C88 /* GGCirclePanelView.m */,
				BFE7C2EE1C608B6E008A5719 /* ActivityTableViewCell.h */,
				BFE7C2EF1C608B6E008A5719 /* ActivityTableViewCell.m */,
				BFE7C2F01C608B6E008A5719 /* ActivityTableViewCell.xib */,
				BF0A0F621CB361E900B9D403 /* DateSelectView.h */,
				BF0A0F631CB361E900B9D403 /* DateSelectView.m */,
				BF0A0F651CB362A500B9D403 /* DateSelectView.xib */,
				BF0A0F911CB3BBDA00B9D403 /* GGDatePicker.h */,
				BF0A0F921CB3BBDA00B9D403 /* GGDatePicker.m */,
				BF0A0F941CB3BBF600B9D403 /* GGDatePicker.xib */,
				BF5AD1551CBB989500DF69DF /* GGColumnView.h */,
				BF5AD1561CBB989500DF69DF /* GGColumnView.m */,
				BF8610091CBF4A100060E897 /* ProcessStateView.h */,
				BF86100A1CBF4A100060E897 /* ProcessStateView.m */,
				BF122BC41CCF5A2900A614D5 /* GGBlockColumnView.h */,
				BF122BC51CCF5A2900A614D5 /* GGBlockColumnView.m */,
				BF104B5C1CD1F0E900BAEDF5 /* LeaderCell.h */,
				BF104B5D1CD1F0E900BAEDF5 /* LeaderCell.m */,
				BF104B5F1CD1F10500BAEDF5 /* LeaderCell.xib */,
				BF674C6B1CD99650000D9245 /* GGBezierView.h */,
				BF674C6C1CD99650000D9245 /* GGBezierView.m */,
				BF674C6E1CD9E457000D9245 /* GGSleepTypeView.h */,
				BF674C6F1CD9E457000D9245 /* GGSleepTypeView.m */,
				BF674C711CD9E495000D9245 /* GGSleepTypeView.xib */,
				BF674C731CD9FEE3000D9245 /* GGSleepTypePanelView.h */,
				BF674C741CD9FEE3000D9245 /* GGSleepTypePanelView.m */,
			);
			path = CustomView;
			sourceTree = "<group>";
		};
		BFE7C2F31C609617008A5719 /* CustomModel */ = {
			isa = PBXGroup;
			children = (
				BFE7C2F41C6096A8008A5719 /* ActivityModel.h */,
				BFE7C2F51C6096A8008A5719 /* ActivityModel.m */,
				BF122BC71CCF5F1600A614D5 /* BlockColumnModel.h */,
				BF122BC81CCF5F1600A614D5 /* BlockColumnModel.m */,
				BFC210101CDADD33006A0C88 /* GGSleepTypeModel.h */,
				BFC210111CDADD33006A0C88 /* GGSleepTypeModel.m */,
			);
			path = CustomModel;
			sourceTree = "<group>";
		};
/* End PBXGroup section */

/* Begin PBXNativeTarget section */
		BF3C62CF1C5CD2A000B25252 /* zewatch */ = {
			isa = PBXNativeTarget;
			buildConfigurationList = BF3C62FD1C5CD2A000B25252 /* Build configuration list for PBXNativeTarget "zewatch" */;
			buildPhases = (
				BF3C62CC1C5CD2A000B25252 /* Sources */,
				BF3C62CD1C5CD2A000B25252 /* Frameworks */,
				BF3C62CE1C5CD2A000B25252 /* Resources */,
			);
			buildRules = (
			);
			dependencies = (
			);
			name = zewatch;
			productName = zewatch;
			productReference = BF3C62D01C5CD2A000B25252 /* zewatch.app */;
			productType = "com.apple.product-type.application";
		};
		BF3C62E81C5CD2A000B25252 /* zewatchTests */ = {
			isa = PBXNativeTarget;
			buildConfigurationList = BF3C63001C5CD2A000B25252 /* Build configuration list for PBXNativeTarget "zewatchTests" */;
			buildPhases = (
				BF3C62E51C5CD2A000B25252 /* Sources */,
				BF3C62E61C5CD2A000B25252 /* Frameworks */,
				BF3C62E71C5CD2A000B25252 /* Resources */,
			);
			buildRules = (
			);
			dependencies = (
				BF3C62EB1C5CD2A000B25252 /* PBXTargetDependency */,
			);
			name = zewatchTests;
			productName = zewatchTests;
			productReference = BF3C62E91C5CD2A000B25252 /* zewatchTests.xctest */;
			productType = "com.apple.product-type.bundle.unit-test";
		};
		BF3C62F31C5CD2A000B25252 /* zewatchUITests */ = {
			isa = PBXNativeTarget;
			buildConfigurationList = BF3C63031C5CD2A000B25252 /* Build configuration list for PBXNativeTarget "zewatchUITests" */;
			buildPhases = (
				BF3C62F01C5CD2A000B25252 /* Sources */,
				BF3C62F11C5CD2A000B25252 /* Frameworks */,
				BF3C62F21C5CD2A000B25252 /* Resources */,
			);
			buildRules = (
			);
			dependencies = (
				BF3C62F61C5CD2A000B25252 /* PBXTargetDependency */,
			);
			name = zewatchUITests;
			productName = zewatchUITests;
			productReference = BF3C62F41C5CD2A000B25252 /* zewatchUITests.xctest */;
			productType = "com.apple.product-type.bundle.ui-testing";
		};
/* End PBXNativeTarget section */

/* Begin PBXProject section */
		BF3C62C81C5CD2A000B25252 /* Project object */ = {
			isa = PBXProject;
			attributes = {
				LastUpgradeCheck = 0710;
				ORGANIZATIONNAME = mykronoz;
				TargetAttributes = {
					BF3C62CF1C5CD2A000B25252 = {
						CreatedOnToolsVersion = 7.1;
					};
					BF3C62E81C5CD2A000B25252 = {
						CreatedOnToolsVersion = 7.1;
						TestTargetID = BF3C62CF1C5CD2A000B25252;
					};
					BF3C62F31C5CD2A000B25252 = {
						CreatedOnToolsVersion = 7.1;
						TestTargetID = BF3C62CF1C5CD2A000B25252;
					};
				};
			};
			buildConfigurationList = BF3C62CB1C5CD2A000B25252 /* Build configuration list for PBXProject "zewatch" */;
			compatibilityVersion = "Xcode 3.2";
			developmentRegion = English;
			hasScannedForEncodings = 0;
			knownRegions = (
				en,
				Base,
			);
			mainGroup = BF3C62C71C5CD2A000B25252;
			productRefGroup = BF3C62D11C5CD2A000B25252 /* Products */;
			projectDirPath = "";
			projectRoot = "";
			targets = (
				BF3C62CF1C5CD2A000B25252 /* zewatch */,
				BF3C62E81C5CD2A000B25252 /* zewatchTests */,
				BF3C62F31C5CD2A000B25252 /* zewatchUITests */,
			);
		};
/* End PBXProject section */

/* Begin PBXResourcesBuildPhase section */
		BF3C62CE1C5CD2A000B25252 /* Resources */ = {
			isa = PBXResourcesBuildPhase;
			buildActionMask = 2147483647;
			files = (
				BFE7C2EC1C6078E9008A5719 /* icon_logo.png in Resources */,
				BF3C62E31C5CD2A000B25252 /* LaunchScreen.storyboard in Resources */,
				BF0A0F951CB3BBF600B9D403 /* GGDatePicker.xib in Resources */,
				BF0A0F6A1CB36F4800B9D403 /* preDate_off.png in Resources */,
				BFBA84061CC0B8E500FE823D /* Icon@2x.png in Resources */,
				BF0A0F6F1CB3700200B9D403 /* calendar@2x.png in Resources */,
				BF0A0F691CB36F4800B9D403 /* nextDate_off.png in Resources */,
				BF3C62E01C5CD2A000B25252 /* Assets.xcassets in Resources */,
				BF3C62DE1C5CD2A000B25252 /* Main.storyboard in Resources */,
				BF0A0F701CB3700200B9D403 /* calendar@3x.png in Resources */,
				BF0A0F661CB362A500B9D403 /* DateSelectView.xib in Resources */,
				BF0A0F6E1CB3700200B9D403 /* calendar.png in Resources */,
				BF104B601CD1F10500BAEDF5 /* LeaderCell.xib in Resources */,
				BFE7C2F21C608B6E008A5719 /* ActivityTableViewCell.xib in Resources */,
				BFBA84051CC0B8E500FE823D /* Icon.png in Resources */,
				BF674C721CD9E495000D9245 /* GGSleepTypeView.xib in Resources */,
				BF790FC41C5CE97500377742 /* activity_bg.png in Resources */,
			);
			runOnlyForDeploymentPostprocessing = 0;
		};
		BF3C62E71C5CD2A000B25252 /* Resources */ = {
			isa = PBXResourcesBuildPhase;
			buildActionMask = 2147483647;
			files = (
			);
			runOnlyForDeploymentPostprocessing = 0;
		};
		BF3C62F21C5CD2A000B25252 /* Resources */ = {
			isa = PBXResourcesBuildPhase;
			buildActionMask = 2147483647;
			files = (
			);
			runOnlyForDeploymentPostprocessing = 0;
		};
/* End PBXResourcesBuildPhase section */

/* Begin PBXSourcesBuildPhase section */
		BF3C62CC1C5CD2A000B25252 /* Sources */ = {
			isa = PBXSourcesBuildPhase;
			buildActionMask = 2147483647;
			files = (
				BFFD91561CDAEC48000608EC /* AppsCircleProView.m in Sources */,
				BF122BC61CCF5A2900A614D5 /* GGBlockColumnView.m in Sources */,
				BF104B581CD1E9E400BAEDF5 /* ActionSheetLocalePicker.m in Sources */,
				BF104B561CD1E9E400BAEDF5 /* ActionSheetDatePicker.m in Sources */,
				BF104B5A1CD1E9E400BAEDF5 /* DistancePickerView.m in Sources */,
				BF0A0F5E1CB3573100B9D403 /* DateTestViewController.m in Sources */,
				BF104B5B1CD1E9E400BAEDF5 /* SWActionSheet.m in Sources */,
				BF3C6D501CD2ECD900D26D58 /* SleepViewController.m in Sources */,
				BF790FC01C5CE2B400377742 /* ZeWatchAppDelegate.m in Sources */,
				BFC210121CDADD33006A0C88 /* GGSleepTypeModel.m in Sources */,
				BF3C630A1C5CDA9800B25252 /* ActivityViewController.m in Sources */,
				BFE7C2F61C6096A8008A5719 /* ActivityModel.m in Sources */,
				BF674C751CD9FEE3000D9245 /* GGSleepTypePanelView.m in Sources */,
				BF6D5CDB1C60733F00AF22BA /* GoalSettingTableViewController.m in Sources */,
				BF104B551CD1E9E400BAEDF5 /* ActionSheetCustomPicker.m in Sources */,
				BF5AD1541CBB8C2900DF69DF /* GGBaseViewController.m in Sources */,
				BF86100F1CBF7BDB0060E897 /* SportViewController.m in Sources */,
				BF674C701CD9E457000D9245 /* GGSleepTypeView.m in Sources */,
				BF674C6D1CD99651000D9245 /* GGBezierView.m in Sources */,
				BF104B541CD1E9E400BAEDF5 /* AbstractActionSheetPicker.m in Sources */,
				BF122BC91CCF5F1600A614D5 /* BlockColumnModel.m in Sources */,
				BF86100B1CBF4A100060E897 /* ProcessStateView.m in Sources */,
				BF3C62D51C5CD2A000B25252 /* main.m in Sources */,
				BF104B5E1CD1F0E900BAEDF5 /* LeaderCell.m in Sources */,
				BF0A0F931CB3BBDA00B9D403 /* GGDatePicker.m in Sources */,
				BFC210151CDAE44C006A0C88 /* GGCirclePanelView.m in Sources */,
				BF0A0F901CB3B49D00B9D403 /* NSDate+Utilities.m in Sources */,
				BF0A0F641CB361E900B9D403 /* DateSelectView.m in Sources */,
				BF104B591CD1E9E400BAEDF5 /* ActionSheetStringPicker.m in Sources */,
				BF104B571CD1E9E400BAEDF5 /* ActionSheetDistancePicker.m in Sources */,
				BF5AD1571CBB989500DF69DF /* GGColumnView.m in Sources */,
				BFE7C2F11C608B6E008A5719 /* ActivityTableViewCell.m in Sources */,
			);
			runOnlyForDeploymentPostprocessing = 0;
		};
		BF3C62E51C5CD2A000B25252 /* Sources */ = {
			isa = PBXSourcesBuildPhase;
			buildActionMask = 2147483647;
			files = (
				BF3C62EE1C5CD2A000B25252 /* zewatchTests.m in Sources */,
			);
			runOnlyForDeploymentPostprocessing = 0;
		};
		BF3C62F01C5CD2A000B25252 /* Sources */ = {
			isa = PBXSourcesBuildPhase;
			buildActionMask = 2147483647;
			files = (
				BF3C62F91C5CD2A000B25252 /* zewatchUITests.m in Sources */,
			);
			runOnlyForDeploymentPostprocessing = 0;
		};
/* End PBXSourcesBuildPhase section */

/* Begin PBXTargetDependency section */
		BF3C62EB1C5CD2A000B25252 /* PBXTargetDependency */ = {
			isa = PBXTargetDependency;
			target = BF3C62CF1C5CD2A000B25252 /* zewatch */;
			targetProxy = BF3C62EA1C5CD2A000B25252 /* PBXContainerItemProxy */;
		};
		BF3C62F61C5CD2A000B25252 /* PBXTargetDependency */ = {
			isa = PBXTargetDependency;
			target = BF3C62CF1C5CD2A000B25252 /* zewatch */;
			targetProxy = BF3C62F51C5CD2A000B25252 /* PBXContainerItemProxy */;
		};
/* End PBXTargetDependency section */

/* Begin PBXVariantGroup section */
		BF3C62DC1C5CD2A000B25252 /* Main.storyboard */ = {
			isa = PBXVariantGroup;
			children = (
				BF3C62DD1C5CD2A000B25252 /* Base */,
			);
			name = Main.storyboard;
			sourceTree = "<group>";
		};
		BF3C62E11C5CD2A000B25252 /* LaunchScreen.storyboard */ = {
			isa = PBXVariantGroup;
			children = (
				BF3C62E21C5CD2A000B25252 /* Base */,
			);
			name = LaunchScreen.storyboard;
			sourceTree = "<group>";
		};
/* End PBXVariantGroup section */

/* Begin XCBuildConfiguration section */
		BF3C62FB1C5CD2A000B25252 /* Debug */ = {
			isa = XCBuildConfiguration;
			buildSettings = {
				ALWAYS_SEARCH_USER_PATHS = NO;
				CLANG_CXX_LANGUAGE_STANDARD = "gnu++0x";
				CLANG_CXX_LIBRARY = "libc++";
				CLANG_ENABLE_MODULES = YES;
				CLANG_ENABLE_OBJC_ARC = YES;
				CLANG_WARN_BOOL_CONVERSION = YES;
				CLANG_WARN_CONSTANT_CONVERSION = YES;
				CLANG_WARN_DIRECT_OBJC_ISA_USAGE = YES_ERROR;
				CLANG_WARN_EMPTY_BODY = YES;
				CLANG_WARN_ENUM_CONVERSION = YES;
				CLANG_WARN_INT_CONVERSION = YES;
				CLANG_WARN_OBJC_ROOT_CLASS = YES_ERROR;
				CLANG_WARN_UNREACHABLE_CODE = YES;
				CLANG_WARN__DUPLICATE_METHOD_MATCH = YES;
				"CODE_SIGN_IDENTITY[sdk=iphoneos*]" = "iPhone Developer";
				COPY_PHASE_STRIP = NO;
				DEBUG_INFORMATION_FORMAT = dwarf;
				ENABLE_STRICT_OBJC_MSGSEND = YES;
				ENABLE_TESTABILITY = YES;
				GCC_C_LANGUAGE_STANDARD = gnu99;
				GCC_DYNAMIC_NO_PIC = NO;
				GCC_NO_COMMON_BLOCKS = YES;
				GCC_OPTIMIZATION_LEVEL = 0;
				GCC_PREPROCESSOR_DEFINITIONS = (
					"DEBUG=1",
					"$(inherited)",
				);
				GCC_WARN_64_TO_32_BIT_CONVERSION = YES;
				GCC_WARN_ABOUT_RETURN_TYPE = YES_ERROR;
				GCC_WARN_UNDECLARED_SELECTOR = YES;
				GCC_WARN_UNINITIALIZED_AUTOS = YES_AGGRESSIVE;
				GCC_WARN_UNUSED_FUNCTION = YES;
				GCC_WARN_UNUSED_VARIABLE = YES;
				IPHONEOS_DEPLOYMENT_TARGET = 7.0;
				MTL_ENABLE_DEBUG_INFO = YES;
				New_Setting = "";
				ONLY_ACTIVE_ARCH = YES;
				SDKROOT = iphoneos;
			};
			name = Debug;
		};
		BF3C62FC1C5CD2A000B25252 /* Release */ = {
			isa = XCBuildConfiguration;
			buildSettings = {
				ALWAYS_SEARCH_USER_PATHS = NO;
				CLANG_CXX_LANGUAGE_STANDARD = "gnu++0x";
				CLANG_CXX_LIBRARY = "libc++";
				CLANG_ENABLE_MODULES = YES;
				CLANG_ENABLE_OBJC_ARC = YES;
				CLANG_WARN_BOOL_CONVERSION = YES;
				CLANG_WARN_CONSTANT_CONVERSION = YES;
				CLANG_WARN_DIRECT_OBJC_ISA_USAGE = YES_ERROR;
				CLANG_WARN_EMPTY_BODY = YES;
				CLANG_WARN_ENUM_CONVERSION = YES;
				CLANG_WARN_INT_CONVERSION = YES;
				CLANG_WARN_OBJC_ROOT_CLASS = YES_ERROR;
				CLANG_WARN_UNREACHABLE_CODE = YES;
				CLANG_WARN__DUPLICATE_METHOD_MATCH = YES;
				"CODE_SIGN_IDENTITY[sdk=iphoneos*]" = "iPhone Developer";
				COPY_PHASE_STRIP = NO;
				DEBUG_INFORMATION_FORMAT = "dwarf-with-dsym";
				ENABLE_NS_ASSERTIONS = NO;
				ENABLE_STRICT_OBJC_MSGSEND = YES;
				GCC_C_LANGUAGE_STANDARD = gnu99;
				GCC_NO_COMMON_BLOCKS = YES;
				GCC_WARN_64_TO_32_BIT_CONVERSION = YES;
				GCC_WARN_ABOUT_RETURN_TYPE = YES_ERROR;
				GCC_WARN_UNDECLARED_SELECTOR = YES;
				GCC_WARN_UNINITIALIZED_AUTOS = YES_AGGRESSIVE;
				GCC_WARN_UNUSED_FUNCTION = YES;
				GCC_WARN_UNUSED_VARIABLE = YES;
				IPHONEOS_DEPLOYMENT_TARGET = 7.0;
				MTL_ENABLE_DEBUG_INFO = NO;
				New_Setting = "";
				SDKROOT = iphoneos;
				VALIDATE_PRODUCT = YES;
			};
			name = Release;
		};
		BF3C62FE1C5CD2A000B25252 /* Debug */ = {
			isa = XCBuildConfiguration;
			buildSettings = {
				ASSETCATALOG_COMPILER_APPICON_NAME = AppIcon;
				GCC_PREFIX_HEADER = "zewatch/zewatch-Prefix.pch";
				INFOPLIST_FILE = zewatch/Info.plist;
				IPHONEOS_DEPLOYMENT_TARGET = 7.0;
				LD_RUNPATH_SEARCH_PATHS = "$(inherited) @executable_path/Frameworks";
				PRODUCT_BUNDLE_IDENTIFIER = mykronoz.zewatch;
				PRODUCT_NAME = "$(TARGET_NAME)";
			};
			name = Debug;
		};
		BF3C62FF1C5CD2A000B25252 /* Release */ = {
			isa = XCBuildConfiguration;
			buildSettings = {
				ASSETCATALOG_COMPILER_APPICON_NAME = AppIcon;
				GCC_PREFIX_HEADER = "zewatch/zewatch-Prefix.pch";
				INFOPLIST_FILE = zewatch/Info.plist;
				IPHONEOS_DEPLOYMENT_TARGET = 7.0;
				LD_RUNPATH_SEARCH_PATHS = "$(inherited) @executable_path/Frameworks";
				PRODUCT_BUNDLE_IDENTIFIER = mykronoz.zewatch;
				PRODUCT_NAME = "$(TARGET_NAME)";
			};
			name = Release;
		};
		BF3C63011C5CD2A000B25252 /* Debug */ = {
			isa = XCBuildConfiguration;
			buildSettings = {
				BUNDLE_LOADER = "$(TEST_HOST)";
				INFOPLIST_FILE = zewatchTests/Info.plist;
				LD_RUNPATH_SEARCH_PATHS = "$(inherited) @executable_path/Frameworks @loader_path/Frameworks";
				PRODUCT_BUNDLE_IDENTIFIER = mykronoz.zewatchTests;
				PRODUCT_NAME = "$(TARGET_NAME)";
				TEST_HOST = "$(BUILT_PRODUCTS_DIR)/zewatch.app/zewatch";
			};
			name = Debug;
		};
		BF3C63021C5CD2A000B25252 /* Release */ = {
			isa = XCBuildConfiguration;
			buildSettings = {
				BUNDLE_LOADER = "$(TEST_HOST)";
				INFOPLIST_FILE = zewatchTests/Info.plist;
				LD_RUNPATH_SEARCH_PATHS = "$(inherited) @executable_path/Frameworks @loader_path/Frameworks";
				PRODUCT_BUNDLE_IDENTIFIER = mykronoz.zewatchTests;
				PRODUCT_NAME = "$(TARGET_NAME)";
				TEST_HOST = "$(BUILT_PRODUCTS_DIR)/zewatch.app/zewatch";
			};
			name = Release;
		};
		BF3C63041C5CD2A000B25252 /* Debug */ = {
			isa = XCBuildConfiguration;
			buildSettings = {
				INFOPLIST_FILE = zewatchUITests/Info.plist;
				LD_RUNPATH_SEARCH_PATHS = "$(inherited) @executable_path/Frameworks @loader_path/Frameworks";
				PRODUCT_BUNDLE_IDENTIFIER = mykronoz.zewatchUITests;
				PRODUCT_NAME = "$(TARGET_NAME)";
				TEST_TARGET_NAME = zewatch;
				USES_XCTRUNNER = YES;
			};
			name = Debug;
		};
		BF3C63051C5CD2A000B25252 /* Release */ = {
			isa = XCBuildConfiguration;
			buildSettings = {
				INFOPLIST_FILE = zewatchUITests/Info.plist;
				LD_RUNPATH_SEARCH_PATHS = "$(inherited) @executable_path/Frameworks @loader_path/Frameworks";
				PRODUCT_BUNDLE_IDENTIFIER = mykronoz.zewatchUITests;
				PRODUCT_NAME = "$(TARGET_NAME)";
				TEST_TARGET_NAME = zewatch;
				USES_XCTRUNNER = YES;
			};
			name = Release;
		};
/* End XCBuildConfiguration section */

/* Begin XCConfigurationList section */
		BF3C62CB1C5CD2A000B25252 /* Build configuration list for PBXProject "zewatch" */ = {
			isa = XCConfigurationList;
			buildConfigurations = (
				BF3C62FB1C5CD2A000B25252 /* Debug */,
				BF3C62FC1C5CD2A000B25252 /* Release */,
			);
			defaultConfigurationIsVisible = 0;
			defaultConfigurationName = Release;
		};
		BF3C62FD1C5CD2A000B25252 /* Build configuration list for PBXNativeTarget "zewatch" */ = {
			isa = XCConfigurationList;
			buildConfigurations = (
				BF3C62FE1C5CD2A000B25252 /* Debug */,
				BF3C62FF1C5CD2A000B25252 /* Release */,
			);
			defaultConfigurationIsVisible = 0;
			defaultConfigurationName = Release;
		};
		BF3C63001C5CD2A000B25252 /* Build configuration list for PBXNativeTarget "zewatchTests" */ = {
			isa = XCConfigurationList;
			buildConfigurations = (
				BF3C63011C5CD2A000B25252 /* Debug */,
				BF3C63021C5CD2A000B25252 /* Release */,
			);
			defaultConfigurationIsVisible = 0;
			defaultConfigurationName = Release;
		};
		BF3C63031C5CD2A000B25252 /* Build configuration list for PBXNativeTarget "zewatchUITests" */ = {
			isa = XCConfigurationList;
			buildConfigurations = (
				BF3C63041C5CD2A000B25252 /* Debug */,
				BF3C63051C5CD2A000B25252 /* Release */,
			);
			defaultConfigurationIsVisible = 0;
			defaultConfigurationName = Release;
		};
/* End XCConfigurationList section */
	};
	rootObject = BF3C62C81C5CD2A000B25252 /* Project object */;
}
